
Microsoft Visual Studio Solution File, Format Version 12.00
# Visual Studio Version 16
VisualStudioVersion = 16.0.30717.126
MinimumVisualStudioVersion = 10.0.40219.1
Project("{FAE04EC0-301F-11D3-BF4B-00C04F79EFBC}") = "SurveyExportApp", "SurveyExportApp.csproj", "{69B0D1F9-1123-4D8F-924F-4744CDC7851E}"
EndProject
Global
	GlobalSection(SolutionConfigurationPlatforms) = preSolution
		Debug|Any CPU = Debug|Any CPU
		Release|Any CPU = Release|Any CPU
	EndGlobalSection
	GlobalSection(ProjectConfigurationPlatforms) = postSolution
		{69B0D1F9-1123-4D8F-924F-4744CDC7851E}.Debug|Any CPU.ActiveCfg = Debug|Any CPU
		{69B0D1F9-1123-4D8F-924F-4744CDC7851E}.Debug|Any CPU.Build.0 = Debug|Any CPU
		{69B0D1F9-1123-4D8F-924F-4744CDC7851E}.Release|Any CPU.ActiveCfg = Release|Any CPU
		{69B0D1F9-1123-4D8F-924F-4744CDC7851E}.Release|Any CPU.Build.0 = Release|Any CPU
	EndGlobalSection
	GlobalSection(SolutionProperties) = preSolution
		HideSolutionNode = FALSE
	EndGlobalSection
	GlobalSection(ExtensibilityGlobals) = postSolution
		SolutionGuid = {E8684D11-9C2D-4FDB-9CBB-766D5A7CDE71}
	EndGlobalSection
EndGlobal
